template_repo=Lycidias93/android-root-module-webui-template
template_commit=6fbd1b018a45fe5b1bebba7aeb9142423eab47fb
core_version=0.6.1
integration=external_pinned_build_input
supercharger_reference=Drizzy07x/Supercharger_Pixel_9_Series@be76cbe57d01fa475196b7afb3729b9ad19f0a26
ksuwebui_compat_reference=adivenxnataly/KsuWebUI@20342d280a841f8b317603a7eefb1193a95ab626
